
Microsoft Visual Studio Solution File, Format Version 12.00
# Visual Studio Version 16
VisualStudioVersion = 16.0.30011.22
MinimumVisualStudioVersion = 10.0.40219.1
Project("{FAE04EC0-301F-11D3-BF4B-00C04F79EFBC}") = "chinesezodiac", "chinesezodiac\chinesezodiac.csproj", "{3A16C05E-FDD9-44FE-ABF5-DD7E8AF8D0B5}"
EndProject
Global
	GlobalSection(SolutionConfigurationPlatforms) = preSolution
		Debug|Any CPU = Debug|Any CPU
		Release|Any CPU = Release|Any CPU
	EndGlobalSection
	GlobalSection(ProjectConfigurationPlatforms) = postSolution
		{3A16C05E-FDD9-44FE-ABF5-DD7E8AF8D0B5}.Debug|Any CPU.ActiveCfg = Debug|Any CPU
		{3A16C05E-FDD9-44FE-ABF5-DD7E8AF8D0B5}.Debug|Any CPU.Build.0 = Debug|Any CPU
		{3A16C05E-FDD9-44FE-ABF5-DD7E8AF8D0B5}.Release|Any CPU.ActiveCfg = Release|Any CPU
		{3A16C05E-FDD9-44FE-ABF5-DD7E8AF8D0B5}.Release|Any CPU.Build.0 = Release|Any CPU
	EndGlobalSection
	GlobalSection(SolutionProperties) = preSolution
		HideSolutionNode = FALSE
	EndGlobalSection
	GlobalSection(ExtensibilityGlobals) = postSolution
		SolutionGuid = {9362D37C-125F-49BC-80E2-AE95A842B80D}
	EndGlobalSection
EndGlobal
